
Microsoft Visual Studio Solution File, Format Version 12.00
Project("{FAE04EC0-301F-11D3-BF4B-00C04F79EFBC}") = "Presentation", "Presentation\Presentation.csproj", "{A314CCBC-3574-48D7-983F-D7BDC17D2B33}"
EndProject
Project("{FAE04EC0-301F-11D3-BF4B-00C04F79EFBC}") = "Application", "Application\Application.csproj", "{B94B8C29-AA47-4E96-993F-BA93881D1FFD}"
EndProject
Project("{FAE04EC0-301F-11D3-BF4B-00C04F79EFBC}") = "Domain", "Domain\Domain.csproj", "{7BDBA491-697C-4987-9A11-BEC1AD33A9BA}"
EndProject
Project("{2150E333-8FDC-42A3-9474-1A3956D46DE8}") = "src", "src", "{A8BD090F-0527-4719-9B64-6A1C223AA897}"
EndProject
Project("{2150E333-8FDC-42A3-9474-1A3956D46DE8}") = "Api", "Api", "{11484193-30D3-4A5C-B5D7-502F4EA0A5B6}"
EndProject
Project("{2150E333-8FDC-42A3-9474-1A3956D46DE8}") = "Core", "Core", "{CF922ACC-F64B-42AE-86A9-3E1CB64CA3E2}"
EndProject
Project("{2150E333-8FDC-42A3-9474-1A3956D46DE8}") = "Infrastructure", "Infrastructure", "{AEA0B7E8-D70B-404B-9F85-874C3EB453C3}"
EndProject
Project("{FAE04EC0-301F-11D3-BF4B-00C04F79EFBC}") = "Infrastructure", "src\Infrastructure\Infrastructure\Infrastructure.csproj", "{625CFA64-FBB4-4DBD-8CF4-D9B46B356DB6}"
EndProject
Global
	GlobalSection(SolutionConfigurationPlatforms) = preSolution
		Debug|Any CPU = Debug|Any CPU
		Release|Any CPU = Release|Any CPU
	EndGlobalSection
	GlobalSection(ProjectConfigurationPlatforms) = postSolution
		{A314CCBC-3574-48D7-983F-D7BDC17D2B33}.Debug|Any CPU.ActiveCfg = Debug|Any CPU
		{A314CCBC-3574-48D7-983F-D7BDC17D2B33}.Debug|Any CPU.Build.0 = Debug|Any CPU
		{A314CCBC-3574-48D7-983F-D7BDC17D2B33}.Release|Any CPU.ActiveCfg = Release|Any CPU
		{A314CCBC-3574-48D7-983F-D7BDC17D2B33}.Release|Any CPU.Build.0 = Release|Any CPU
		{B94B8C29-AA47-4E96-993F-BA93881D1FFD}.Debug|Any CPU.ActiveCfg = Debug|Any CPU
		{B94B8C29-AA47-4E96-993F-BA93881D1FFD}.Debug|Any CPU.Build.0 = Debug|Any CPU
		{B94B8C29-AA47-4E96-993F-BA93881D1FFD}.Release|Any CPU.ActiveCfg = Release|Any CPU
		{B94B8C29-AA47-4E96-993F-BA93881D1FFD}.Release|Any CPU.Build.0 = Release|Any CPU
		{7BDBA491-697C-4987-9A11-BEC1AD33A9BA}.Debug|Any CPU.ActiveCfg = Debug|Any CPU
		{7BDBA491-697C-4987-9A11-BEC1AD33A9BA}.Debug|Any CPU.Build.0 = Debug|Any CPU
		{7BDBA491-697C-4987-9A11-BEC1AD33A9BA}.Release|Any CPU.ActiveCfg = Release|Any CPU
		{7BDBA491-697C-4987-9A11-BEC1AD33A9BA}.Release|Any CPU.Build.0 = Release|Any CPU
		{625CFA64-FBB4-4DBD-8CF4-D9B46B356DB6}.Debug|Any CPU.ActiveCfg = Debug|Any CPU
		{625CFA64-FBB4-4DBD-8CF4-D9B46B356DB6}.Debug|Any CPU.Build.0 = Debug|Any CPU
		{625CFA64-FBB4-4DBD-8CF4-D9B46B356DB6}.Release|Any CPU.ActiveCfg = Release|Any CPU
		{625CFA64-FBB4-4DBD-8CF4-D9B46B356DB6}.Release|Any CPU.Build.0 = Release|Any CPU
	EndGlobalSection
	GlobalSection(NestedProjects) = preSolution
		{11484193-30D3-4A5C-B5D7-502F4EA0A5B6} = {A8BD090F-0527-4719-9B64-6A1C223AA897}
		{CF922ACC-F64B-42AE-86A9-3E1CB64CA3E2} = {A8BD090F-0527-4719-9B64-6A1C223AA897}
		{AEA0B7E8-D70B-404B-9F85-874C3EB453C3} = {A8BD090F-0527-4719-9B64-6A1C223AA897}
		{A314CCBC-3574-48D7-983F-D7BDC17D2B33} = {11484193-30D3-4A5C-B5D7-502F4EA0A5B6}
		{B94B8C29-AA47-4E96-993F-BA93881D1FFD} = {CF922ACC-F64B-42AE-86A9-3E1CB64CA3E2}
		{7BDBA491-697C-4987-9A11-BEC1AD33A9BA} = {CF922ACC-F64B-42AE-86A9-3E1CB64CA3E2}
		{625CFA64-FBB4-4DBD-8CF4-D9B46B356DB6} = {AEA0B7E8-D70B-404B-9F85-874C3EB453C3}
	EndGlobalSection
EndGlobal
